<Solution>
  <Project Path="C# урок/C# урок.csproj" />
  <Project Path="DoWhile/DoWhile.csproj" Id="8ca948d0-c2bf-4c21-ae65-ca3ee835dc48" />
  <Project Path="gitlesson/gitlesson.csproj" Id="1f71dea7-5b19-40e6-84c1-23908fc1de6f" />
  <Project Path="While/While.csproj" Id="4f262127-aef1-4ee9-9537-c7eccdd55571" />
</Solution>
