<Solution>
  <Project Path="C# урок/C# урок.csproj" />
  <Project Path="DoWhile/DoWhile.csproj" Id="8ca948d0-c2bf-4c21-ae65-ca3ee835dc48" />
  <Project Path="gitlesson/gitlesson.csproj" Id="1f71dea7-5b19-40e6-84c1-23908fc1de6f" />
  <Project Path="While/While.csproj" Id="4f262127-aef1-4ee9-9537-c7eccdd55571" />
  <Project Path="цикл for парктика/цикл for парктика.csproj" Id="c7a3cb88-faca-4323-baaa-b26a6a3ddabf" />
  <Project Path="Цикл For/Цикл For.csproj" Id="a1a7024d-a447-4008-975d-48983ba36145" />
</Solution>
